# This file is automatically generated by Cargo.
# It is not intended for manual editing.

[[package]]
name = "actix-web"
version = "4.0.0"
source = "registry+https://github.com/rust-lang/crates.io-index"
dependencies = [
 "actix-service",
 "actix-utils",
 "bytes",
 "futures-util",
 "http",
 "mio",
 "parking_lot",
 "pin-project-lite",
 "serde",
 "serde_json",
 "tokio",
 "trust-dns-proto",
 "trust-dns-resolver",
]

[[package]]
name = "tera"
version = "1.17.0"
source = "registry+https://github.com/rust-lang/crates.io-index"
dependencies = [
 "glob",
 "lazy_static",
 "regex",
 "serde",
 "serde_derive",
 "serde_json",
]

[[package]]
name = "reqwest"
version = "0.11.14"
source = "registry+https://github.com/rust-lang/crates.io-index"
dependencies = [
 "base64",
 "bytes",
 "encoding_rs",
 "futures-util",
 "http",
 "hyper",
 "serde",
 "serde_json",
 "tokio",
 "webpki",
 "rustls",
 "tokio-rustls",
]

[[package]]
name = "serde"
version = "1.0.164"
source = "registry+https://github.com/rust-lang/crates.io-index"

[[package]]
name = "serde_json"
version = "1.0.96"
source = "registry+https://github.com/rust-lang/crates.io-index"
dependencies = [
 "itoa",
 "ryu",
 "serde",
]

[[package]]
name = "maxminddb"
version = "0.17.0"
source = "registry+https://github.com/rust-lang/crates.io-index"
dependencies = [
 "byteorder",
 "serde",
 "serde_derive",
]

[[package]]
name = "chrono"
version = "0.4.39"
source = "registry+https://github.com/rust-lang/crates.io-index"
dependencies = [
 "num-integer",
 "num-traits",
 "serde",
]

[[package]]
name = "tokio"
version = "1.33.0"
source = "registry+https://github.com/rust-lang/crates.io-index"
dependencies = [
 "bytes",
 "futures-core",
 "futures-util",
 "mio",
 "parking_lot",
 "pin-project-lite",
]

[[package]]
name = "log"
version = "0.4.20"
source = "registry+https://github.com/rust-lang/crates.io-index"

[[package]]
name = "env_logger"
version = "0.10.0"
source = "registry+https://github.com/rust-lang/crates.io-index"
dependencies = [
 "log",
 "regex",
 "serde",
 "serde_json",
 "termcolor",
]
